
Microsoft Visual Studio Solution File, Format Version 12.00
# Visual Studio 15
VisualStudioVersion = 15.0.27703.2018
MinimumVisualStudioVersion = 10.0.40219.1
Project("{FAE04EC0-301F-11D3-BF4B-00C04F79EFBC}") = "WebApplication1", "WebApplication1\WebApplication1.csproj", "{AA9F40A7-5533-45B6-B045-4EB7D166B0EE}"
EndProject
Global
	GlobalSection(SolutionConfigurationPlatforms) = preSolution
		Debug|Any CPU = Debug|Any CPU
		Release|Any CPU = Release|Any CPU
	EndGlobalSection
	GlobalSection(ProjectConfigurationPlatforms) = postSolution
		{AA9F40A7-5533-45B6-B045-4EB7D166B0EE}.Debug|Any CPU.ActiveCfg = Debug|Any CPU
		{AA9F40A7-5533-45B6-B045-4EB7D166B0EE}.Debug|Any CPU.Build.0 = Debug|Any CPU
		{AA9F40A7-5533-45B6-B045-4EB7D166B0EE}.Release|Any CPU.ActiveCfg = Release|Any CPU
		{AA9F40A7-5533-45B6-B045-4EB7D166B0EE}.Release|Any CPU.Build.0 = Release|Any CPU
	EndGlobalSection
	GlobalSection(SolutionProperties) = preSolution
		HideSolutionNode = FALSE
	EndGlobalSection
	GlobalSection(ExtensibilityGlobals) = postSolution
		SolutionGuid = {0B4AAFCF-EE40-4BF9-BEFC-59DD93C6BB89}
	EndGlobalSection
EndGlobal
